
Microsoft Visual Studio Solution File, Format Version 12.00
# Visual Studio Version 17
VisualStudioVersion = 17.8.34330.188
MinimumVisualStudioVersion = 10.0.40219.1
Project("{2150E333-8FDC-42A3-9474-1A3956D46DE8}") = "Auth", "Auth", "{A0000001-0000-0000-0000-000000000001}"
EndProject
Project("{2150E333-8FDC-42A3-9474-1A3956D46DE8}") = "Trips", "Trips", "{A0000002-0000-0000-0000-000000000002}"
EndProject
Project("{2150E333-8FDC-42A3-9474-1A3956D46DE8}") = "Drivers", "Drivers", "{A0000003-0000-0000-0000-000000000003}"
EndProject
Project("{2150E333-8FDC-42A3-9474-1A3956D46DE8}") = "Payments", "Payments", "{A0000004-0000-0000-0000-000000000004}"
EndProject
Project("{2150E333-8FDC-42A3-9474-1A3956D46DE8}") = "Landing", "Landing", "{A0000005-0000-0000-0000-000000000005}"
EndProject
Project("{9A19103F-16F7-4668-BE54-9A1E7A4F7556}") = "Bugie.Auth.Domain", "Auth\Bugie.Auth.Domain\Bugie.Auth.Domain.csproj", "{B0000001-0000-0000-0000-000000000001}"
EndProject
Project("{9A19103F-16F7-4668-BE54-9A1E7A4F7556}") = "Bugie.Auth.Application", "Auth\Bugie.Auth.Application\Bugie.Auth.Application.csproj", "{B0000002-0000-0000-0000-000000000002}"
EndProject
Project("{9A19103F-16F7-4668-BE54-9A1E7A4F7556}") = "Bugie.Auth.Infrastructure", "Auth\Bugie.Auth.Infrastructure\Bugie.Auth.Infrastructure.csproj", "{B0000003-0000-0000-0000-000000000003}"
EndProject
Project("{9A19103F-16F7-4668-BE54-9A1E7A4F7556}") = "Bugie.Auth.Api", "Auth\Bugie.Auth.Api\Bugie.Auth.Api.csproj", "{B0000004-0000-0000-0000-000000000004}"
EndProject
Project("{9A19103F-16F7-4668-BE54-9A1E7A4F7556}") = "Bugie.Trips.Domain", "Trips\Bugie.Trips.Domain\Bugie.Trips.Domain.csproj", "{B0000005-0000-0000-0000-000000000005}"
EndProject
Project("{9A19103F-16F7-4668-BE54-9A1E7A4F7556}") = "Bugie.Trips.Application", "Trips\Bugie.Trips.Application\Bugie.Trips.Application.csproj", "{B0000006-0000-0000-0000-000000000006}"
EndProject
Project("{9A19103F-16F7-4668-BE54-9A1E7A4F7556}") = "Bugie.Trips.Infrastructure", "Trips\Bugie.Trips.Infrastructure\Bugie.Trips.Infrastructure.csproj", "{B0000007-0000-0000-0000-000000000007}"
EndProject
Project("{9A19103F-16F7-4668-BE54-9A1E7A4F7556}") = "Bugie.Trips.Api", "Trips\Bugie.Trips.Api\Bugie.Trips.Api.csproj", "{B0000008-0000-0000-0000-000000000008}"
EndProject
Project("{9A19103F-16F7-4668-BE54-9A1E7A4F7556}") = "Bugie.Drivers.Domain", "Drivers\Bugie.Drivers.Domain\Bugie.Drivers.Domain.csproj", "{B0000009-0000-0000-0000-000000000009}"
EndProject
Project("{9A19103F-16F7-4668-BE54-9A1E7A4F7556}") = "Bugie.Drivers.Application", "Drivers\Bugie.Drivers.Application\Bugie.Drivers.Application.csproj", "{B0000010-0000-0000-0000-000000000010}"
EndProject
Project("{9A19103F-16F7-4668-BE54-9A1E7A4F7556}") = "Bugie.Drivers.Infrastructure", "Drivers\Bugie.Drivers.Infrastructure\Bugie.Drivers.Infrastructure.csproj", "{B0000011-0000-0000-0000-000000000011}"
EndProject
Project("{9A19103F-16F7-4668-BE54-9A1E7A4F7556}") = "Bugie.Drivers.Api", "Drivers\Bugie.Drivers.Api\Bugie.Drivers.Api.csproj", "{B0000012-0000-0000-0000-000000000012}"
EndProject
Project("{9A19103F-16F7-4668-BE54-9A1E7A4F7556}") = "Bugie.Payments.Domain", "Payments\Bugie.Payments.Domain\Bugie.Payments.Domain.csproj", "{B0000013-0000-0000-0000-000000000013}"
EndProject
Project("{9A19103F-16F7-4668-BE54-9A1E7A4F7556}") = "Bugie.Payments.Application", "Payments\Bugie.Payments.Application\Bugie.Payments.Application.csproj", "{B0000014-0000-0000-0000-000000000014}"
EndProject
Project("{9A19103F-16F7-4668-BE54-9A1E7A4F7556}") = "Bugie.Payments.Infrastructure", "Payments\Bugie.Payments.Infrastructure\Bugie.Payments.Infrastructure.csproj", "{B0000015-0000-0000-0000-000000000015}"
EndProject
Project("{9A19103F-16F7-4668-BE54-9A1E7A4F7556}") = "Bugie.Payments.Api", "Payments\Bugie.Payments.Api\Bugie.Payments.Api.csproj", "{B0000016-0000-0000-0000-000000000016}"
EndProject
Project("{9A19103F-16F7-4668-BE54-9A1E7A4F7556}") = "Bugie.Landing.Domain", "Landing\Bugie.Landing.Domain\Bugie.Landing.Domain.csproj", "{B0000017-0000-0000-0000-000000000017}"
EndProject
Project("{9A19103F-16F7-4668-BE54-9A1E7A4F7556}") = "Bugie.Landing.Application", "Landing\Bugie.Landing.Application\Bugie.Landing.Application.csproj", "{B0000018-0000-0000-0000-000000000018}"
EndProject
Project("{9A19103F-16F7-4668-BE54-9A1E7A4F7556}") = "Bugie.Landing.Infrastructure", "Landing\Bugie.Landing.Infrastructure\Bugie.Landing.Infrastructure.csproj", "{B0000019-0000-0000-0000-000000000019}"
EndProject
Project("{9A19103F-16F7-4668-BE54-9A1E7A4F7556}") = "Bugie.Landing.Api", "Landing\Bugie.Landing.Api\Bugie.Landing.Api.csproj", "{B0000020-0000-0000-0000-000000000020}"
EndProject
Project("{2150E333-8FDC-42A3-9474-1A3956D46DE8}") = "Rewards", "Rewards", "{306C7A29-4E7E-43E9-AB5F-5B4A6929FA16}"
EndProject
Project("{FAE04EC0-301F-11D3-BF4B-00C04F79EFBC}") = "Bugie.Rewards.Domain", "Rewards\Bugie.Rewards.Domain\Bugie.Rewards.Domain.csproj", "{80E799A7-439B-45DD-AD3D-173B5D89C511}"
EndProject
Project("{FAE04EC0-301F-11D3-BF4B-00C04F79EFBC}") = "Bugie.Rewards.Application", "Rewards\Bugie.Rewards.Application\Bugie.Rewards.Application.csproj", "{C4C7F8FA-9202-4214-84C9-B96B90E4B632}"
EndProject
Project("{FAE04EC0-301F-11D3-BF4B-00C04F79EFBC}") = "Bugie.Rewards.Infrastructure", "Rewards\Bugie.Rewards.Infrastructure\Bugie.Rewards.Infrastructure.csproj", "{0B98C4B4-C285-4765-9F17-FD96A3481FF5}"
EndProject
Project("{FAE04EC0-301F-11D3-BF4B-00C04F79EFBC}") = "Bugie.Rewards.Api", "Rewards\Bugie.Rewards.Api\Bugie.Rewards.Api.csproj", "{0106DCE3-0EDF-452E-B4BC-E653E74CE97F}"
EndProject
Global
	GlobalSection(SolutionConfigurationPlatforms) = preSolution
		Debug|Any CPU = Debug|Any CPU
		Release|Any CPU = Release|Any CPU
	EndGlobalSection
	GlobalSection(ProjectConfigurationPlatforms) = postSolution
		{B0000001-0000-0000-0000-000000000001}.Debug|Any CPU.ActiveCfg = Debug|Any CPU
		{B0000001-0000-0000-0000-000000000001}.Debug|Any CPU.Build.0 = Debug|Any CPU
		{B0000001-0000-0000-0000-000000000001}.Release|Any CPU.ActiveCfg = Release|Any CPU
		{B0000001-0000-0000-0000-000000000001}.Release|Any CPU.Build.0 = Release|Any CPU
		{B0000002-0000-0000-0000-000000000002}.Debug|Any CPU.ActiveCfg = Debug|Any CPU
		{B0000002-0000-0000-0000-000000000002}.Debug|Any CPU.Build.0 = Debug|Any CPU
		{B0000002-0000-0000-0000-000000000002}.Release|Any CPU.ActiveCfg = Release|Any CPU
		{B0000002-0000-0000-0000-000000000002}.Release|Any CPU.Build.0 = Release|Any CPU
		{B0000003-0000-0000-0000-000000000003}.Debug|Any CPU.ActiveCfg = Debug|Any CPU
		{B0000003-0000-0000-0000-000000000003}.Debug|Any CPU.Build.0 = Debug|Any CPU
		{B0000003-0000-0000-0000-000000000003}.Release|Any CPU.ActiveCfg = Release|Any CPU
		{B0000003-0000-0000-0000-000000000003}.Release|Any CPU.Build.0 = Release|Any CPU
		{B0000004-0000-0000-0000-000000000004}.Debug|Any CPU.ActiveCfg = Debug|Any CPU
		{B0000004-0000-0000-0000-000000000004}.Debug|Any CPU.Build.0 = Debug|Any CPU
		{B0000004-0000-0000-0000-000000000004}.Release|Any CPU.ActiveCfg = Release|Any CPU
		{B0000004-0000-0000-0000-000000000004}.Release|Any CPU.Build.0 = Release|Any CPU
		{B0000005-0000-0000-0000-000000000005}.Debug|Any CPU.ActiveCfg = Debug|Any CPU
		{B0000005-0000-0000-0000-000000000005}.Debug|Any CPU.Build.0 = Debug|Any CPU
		{B0000005-0000-0000-0000-000000000005}.Release|Any CPU.ActiveCfg = Release|Any CPU
		{B0000005-0000-0000-0000-000000000005}.Release|Any CPU.Build.0 = Release|Any CPU
		{B0000006-0000-0000-0000-000000000006}.Debug|Any CPU.ActiveCfg = Debug|Any CPU
		{B0000006-0000-0000-0000-000000000006}.Debug|Any CPU.Build.0 = Debug|Any CPU
		{B0000006-0000-0000-0000-000000000006}.Release|Any CPU.ActiveCfg = Release|Any CPU
		{B0000006-0000-0000-0000-000000000006}.Release|Any CPU.Build.0 = Release|Any CPU
		{B0000007-0000-0000-0000-000000000007}.Debug|Any CPU.ActiveCfg = Debug|Any CPU
		{B0000007-0000-0000-0000-000000000007}.Debug|Any CPU.Build.0 = Debug|Any CPU
		{B0000007-0000-0000-0000-000000000007}.Release|Any CPU.ActiveCfg = Release|Any CPU
		{B0000007-0000-0000-0000-000000000007}.Release|Any CPU.Build.0 = Release|Any CPU
		{B0000008-0000-0000-0000-000000000008}.Debug|Any CPU.ActiveCfg = Debug|Any CPU
		{B0000008-0000-0000-0000-000000000008}.Debug|Any CPU.Build.0 = Debug|Any CPU
		{B0000008-0000-0000-0000-000000000008}.Release|Any CPU.ActiveCfg = Release|Any CPU
		{B0000008-0000-0000-0000-000000000008}.Release|Any CPU.Build.0 = Release|Any CPU
		{B0000009-0000-0000-0000-000000000009}.Debug|Any CPU.ActiveCfg = Debug|Any CPU
		{B0000009-0000-0000-0000-000000000009}.Debug|Any CPU.Build.0 = Debug|Any CPU
		{B0000009-0000-0000-0000-000000000009}.Release|Any CPU.ActiveCfg = Release|Any CPU
		{B0000009-0000-0000-0000-000000000009}.Release|Any CPU.Build.0 = Release|Any CPU
		{B0000010-0000-0000-0000-000000000010}.Debug|Any CPU.ActiveCfg = Debug|Any CPU
		{B0000010-0000-0000-0000-000000000010}.Debug|Any CPU.Build.0 = Debug|Any CPU
		{B0000010-0000-0000-0000-000000000010}.Release|Any CPU.ActiveCfg = Release|Any CPU
		{B0000010-0000-0000-0000-000000000010}.Release|Any CPU.Build.0 = Release|Any CPU
		{B0000011-0000-0000-0000-000000000011}.Debug|Any CPU.ActiveCfg = Debug|Any CPU
		{B0000011-0000-0000-0000-000000000011}.Debug|Any CPU.Build.0 = Debug|Any CPU
		{B0000011-0000-0000-0000-000000000011}.Release|Any CPU.ActiveCfg = Release|Any CPU
		{B0000011-0000-0000-0000-000000000011}.Release|Any CPU.Build.0 = Release|Any CPU
		{B0000012-0000-0000-0000-000000000012}.Debug|Any CPU.ActiveCfg = Debug|Any CPU
		{B0000012-0000-0000-0000-000000000012}.Debug|Any CPU.Build.0 = Debug|Any CPU
		{B0000012-0000-0000-0000-000000000012}.Release|Any CPU.ActiveCfg = Release|Any CPU
		{B0000012-0000-0000-0000-000000000012}.Release|Any CPU.Build.0 = Release|Any CPU
		{B0000013-0000-0000-0000-000000000013}.Debug|Any CPU.ActiveCfg = Debug|Any CPU
		{B0000013-0000-0000-0000-000000000013}.Debug|Any CPU.Build.0 = Debug|Any CPU
		{B0000013-0000-0000-0000-000000000013}.Release|Any CPU.ActiveCfg = Release|Any CPU
		{B0000013-0000-0000-0000-000000000013}.Release|Any CPU.Build.0 = Release|Any CPU
		{B0000014-0000-0000-0000-000000000014}.Debug|Any CPU.ActiveCfg = Debug|Any CPU
		{B0000014-0000-0000-0000-000000000014}.Debug|Any CPU.Build.0 = Debug|Any CPU
		{B0000014-0000-0000-0000-000000000014}.Release|Any CPU.ActiveCfg = Release|Any CPU
		{B0000014-0000-0000-0000-000000000014}.Release|Any CPU.Build.0 = Release|Any CPU
		{B0000015-0000-0000-0000-000000000015}.Debug|Any CPU.ActiveCfg = Debug|Any CPU
		{B0000015-0000-0000-0000-000000000015}.Debug|Any CPU.Build.0 = Debug|Any CPU
		{B0000015-0000-0000-0000-000000000015}.Release|Any CPU.ActiveCfg = Release|Any CPU
		{B0000015-0000-0000-0000-000000000015}.Release|Any CPU.Build.0 = Release|Any CPU
		{B0000016-0000-0000-0000-000000000016}.Debug|Any CPU.ActiveCfg = Debug|Any CPU
		{B0000016-0000-0000-0000-000000000016}.Debug|Any CPU.Build.0 = Debug|Any CPU
		{B0000016-0000-0000-0000-000000000016}.Release|Any CPU.ActiveCfg = Release|Any CPU
		{B0000016-0000-0000-0000-000000000016}.Release|Any CPU.Build.0 = Release|Any CPU
		{B0000017-0000-0000-0000-000000000017}.Debug|Any CPU.ActiveCfg = Debug|Any CPU
		{B0000017-0000-0000-0000-000000000017}.Debug|Any CPU.Build.0 = Debug|Any CPU
		{B0000017-0000-0000-0000-000000000017}.Release|Any CPU.ActiveCfg = Release|Any CPU
		{B0000017-0000-0000-0000-000000000017}.Release|Any CPU.Build.0 = Release|Any CPU
		{B0000018-0000-0000-0000-000000000018}.Debug|Any CPU.ActiveCfg = Debug|Any CPU
		{B0000018-0000-0000-0000-000000000018}.Debug|Any CPU.Build.0 = Debug|Any CPU
		{B0000018-0000-0000-0000-000000000018}.Release|Any CPU.ActiveCfg = Release|Any CPU
		{B0000018-0000-0000-0000-000000000018}.Release|Any CPU.Build.0 = Release|Any CPU
		{B0000019-0000-0000-0000-000000000019}.Debug|Any CPU.ActiveCfg = Debug|Any CPU
		{B0000019-0000-0000-0000-000000000019}.Debug|Any CPU.Build.0 = Debug|Any CPU
		{B0000019-0000-0000-0000-000000000019}.Release|Any CPU.ActiveCfg = Release|Any CPU
		{B0000019-0000-0000-0000-000000000019}.Release|Any CPU.Build.0 = Release|Any CPU
		{B0000020-0000-0000-0000-000000000020}.Debug|Any CPU.ActiveCfg = Debug|Any CPU
		{B0000020-0000-0000-0000-000000000020}.Debug|Any CPU.Build.0 = Debug|Any CPU
		{B0000020-0000-0000-0000-000000000020}.Release|Any CPU.ActiveCfg = Release|Any CPU
		{B0000020-0000-0000-0000-000000000020}.Release|Any CPU.Build.0 = Release|Any CPU
		{80E799A7-439B-45DD-AD3D-173B5D89C511}.Debug|Any CPU.ActiveCfg = Debug|Any CPU
		{80E799A7-439B-45DD-AD3D-173B5D89C511}.Debug|Any CPU.Build.0 = Debug|Any CPU
		{80E799A7-439B-45DD-AD3D-173B5D89C511}.Release|Any CPU.ActiveCfg = Release|Any CPU
		{80E799A7-439B-45DD-AD3D-173B5D89C511}.Release|Any CPU.Build.0 = Release|Any CPU
		{C4C7F8FA-9202-4214-84C9-B96B90E4B632}.Debug|Any CPU.ActiveCfg = Debug|Any CPU
		{C4C7F8FA-9202-4214-84C9-B96B90E4B632}.Debug|Any CPU.Build.0 = Debug|Any CPU
		{C4C7F8FA-9202-4214-84C9-B96B90E4B632}.Release|Any CPU.ActiveCfg = Release|Any CPU
		{C4C7F8FA-9202-4214-84C9-B96B90E4B632}.Release|Any CPU.Build.0 = Release|Any CPU
		{0B98C4B4-C285-4765-9F17-FD96A3481FF5}.Debug|Any CPU.ActiveCfg = Debug|Any CPU
		{0B98C4B4-C285-4765-9F17-FD96A3481FF5}.Debug|Any CPU.Build.0 = Debug|Any CPU
		{0B98C4B4-C285-4765-9F17-FD96A3481FF5}.Release|Any CPU.ActiveCfg = Release|Any CPU
		{0B98C4B4-C285-4765-9F17-FD96A3481FF5}.Release|Any CPU.Build.0 = Release|Any CPU
		{0106DCE3-0EDF-452E-B4BC-E653E74CE97F}.Debug|Any CPU.ActiveCfg = Debug|Any CPU
		{0106DCE3-0EDF-452E-B4BC-E653E74CE97F}.Debug|Any CPU.Build.0 = Debug|Any CPU
		{0106DCE3-0EDF-452E-B4BC-E653E74CE97F}.Release|Any CPU.ActiveCfg = Release|Any CPU
		{0106DCE3-0EDF-452E-B4BC-E653E74CE97F}.Release|Any CPU.Build.0 = Release|Any CPU
	EndGlobalSection
	GlobalSection(NestedProjects) = preSolution
		{B0000001-0000-0000-0000-000000000001} = {A0000001-0000-0000-0000-000000000001}
		{B0000002-0000-0000-0000-000000000002} = {A0000001-0000-0000-0000-000000000001}
		{B0000003-0000-0000-0000-000000000003} = {A0000001-0000-0000-0000-000000000001}
		{B0000004-0000-0000-0000-000000000004} = {A0000001-0000-0000-0000-000000000001}
		{B0000005-0000-0000-0000-000000000005} = {A0000002-0000-0000-0000-000000000002}
		{B0000006-0000-0000-0000-000000000006} = {A0000002-0000-0000-0000-000000000002}
		{B0000007-0000-0000-0000-000000000007} = {A0000002-0000-0000-0000-000000000002}
		{B0000008-0000-0000-0000-000000000008} = {A0000002-0000-0000-0000-000000000002}
		{B0000009-0000-0000-0000-000000000009} = {A0000003-0000-0000-0000-000000000003}
		{B0000010-0000-0000-0000-000000000010} = {A0000003-0000-0000-0000-000000000003}
		{B0000011-0000-0000-0000-000000000011} = {A0000003-0000-0000-0000-000000000003}
		{B0000012-0000-0000-0000-000000000012} = {A0000003-0000-0000-0000-000000000003}
		{B0000013-0000-0000-0000-000000000013} = {A0000004-0000-0000-0000-000000000004}
		{B0000014-0000-0000-0000-000000000014} = {A0000004-0000-0000-0000-000000000004}
		{B0000015-0000-0000-0000-000000000015} = {A0000004-0000-0000-0000-000000000004}
		{B0000016-0000-0000-0000-000000000016} = {A0000004-0000-0000-0000-000000000004}
		{B0000017-0000-0000-0000-000000000017} = {A0000005-0000-0000-0000-000000000005}
		{B0000018-0000-0000-0000-000000000018} = {A0000005-0000-0000-0000-000000000005}
		{B0000019-0000-0000-0000-000000000019} = {A0000005-0000-0000-0000-000000000005}
		{B0000020-0000-0000-0000-000000000020} = {A0000005-0000-0000-0000-000000000005}
		{80E799A7-439B-45DD-AD3D-173B5D89C511} = {306C7A29-4E7E-43E9-AB5F-5B4A6929FA16}
		{C4C7F8FA-9202-4214-84C9-B96B90E4B632} = {306C7A29-4E7E-43E9-AB5F-5B4A6929FA16}
		{0B98C4B4-C285-4765-9F17-FD96A3481FF5} = {306C7A29-4E7E-43E9-AB5F-5B4A6929FA16}
		{0106DCE3-0EDF-452E-B4BC-E653E74CE97F} = {306C7A29-4E7E-43E9-AB5F-5B4A6929FA16}
	EndGlobalSection
EndGlobal
